lockfileVersion: '6.0'

settings:
  autoInstallPeers: true
  excludeLinksFromLockfile: false

dependencies:
  nanoid:
    specifier: ^5.0.5
    version: 5.0.5
  unist-util-visit:
    specifier: ^5.0.0
    version: 5.0.0

devDependencies:
  prettier:
    specifier: ^3.2.5
    version: 3.2.5
  typescript:
    specifier: ^5.3.3
    version: 5.3.3
  unified:
    specifier: ^11.0.4
    version: 11.0.4

packages:

  /@types/unist@3.0.2:
    resolution: {integrity: sha512-dqId9J8K/vGi5Zr7oo212BGii5m3q5Hxlkwy3WpYuKPklmBEvsbMYYyLxAQpSffdLl/gdW0XUpKWFvYmyoWCoQ==}

  /bail@2.0.2:
    resolution: {integrity: sha512-0xO6mYd7JB2YesxDKplafRpsiOzPt9V02ddPCLbY1xYGPOX24NTyN50qnUxgCPcSoYMhKpAuBTjQoRZCAkUDRw==}
    dev: true

  /dequal@2.0.3:
    resolution: {integrity: sha512-0je+qPKHEMohvfRTCEo3CrPG6cAzAYgmzKyxRiYSSDkS6eGJdyVJm7WaYA5ECaAD9wLB2T4EEeymA5aFVcYXCA==}
    engines: {node: '>=6'}
    dev: true

  /devlop@1.1.0:
    resolution: {integrity: sha512-RWmIqhcFf1lRYBvNmr7qTNuyCt/7/ns2jbpp1+PalgE/rDQcBT0fioSMUpJ93irlUhC5hrg4cYqe6U+0ImW0rA==}
    dependencies:
      dequal: 2.0.3
    dev: true

  /extend@3.0.2:
    resolution: {integrity: sha512-fjquC59cD7CyW6urNXK0FBufkZcoiGG80wTuPujX590cB5Ttln20E2UB4S/WARVqhXffZl2LNgS+gQdPIIim/g==}
    dev: true

  /is-plain-obj@4.1.0:
    resolution: {integrity: sha512-+Pgi+vMuUNkJyExiMBt5IlFoMyKnr5zhJ4Uspz58WOhBF5QoIZkFyNHIbBAtHwzVAgk5RtndVNsDRN61/mmDqg==}
    engines: {node: '>=12'}
    dev: true

  /nanoid@5.0.5:
    resolution: {integrity: sha512-/Veqm+QKsyMY3kqi4faWplnY1u+VuKO3dD2binyPIybP31DRO29bPF+1mszgLnrR2KqSLceFLBNw0zmvDzN1QQ==}
    engines: {node: ^18 || >=20}
    hasBin: true
    dev: false

  /prettier@3.2.5:
    resolution: {integrity: sha512-3/GWa9aOC0YeD7LUfvOG2NiDyhOWRvt1k+rcKhOuYnMY24iiCphgneUfJDyFXd6rZCAnuLBv6UeAULtrhT/F4A==}
    engines: {node: '>=14'}
    hasBin: true
    dev: true

  /trough@2.2.0:
    resolution: {integrity: sha512-tmMpK00BjZiUyVyvrBK7knerNgmgvcV/KLVyuma/SC+TQN167GrMRciANTz09+k3zW8L8t60jWO1GpfkZdjTaw==}
    dev: true

  /typescript@5.3.3:
    resolution: {integrity: sha512-pXWcraxM0uxAS+tN0AG/BF2TyqmHO014Z070UsJ+pFvYuRSq8KH8DmWpnbXe0pEPDHXZV3FcAbJkijJ5oNEnWw==}
    engines: {node: '>=14.17'}
    hasBin: true
    dev: true

  /unified@11.0.4:
    resolution: {integrity: sha512-apMPnyLjAX+ty4OrNap7yumyVAMlKx5IWU2wlzzUdYJO9A8f1p9m/gywF/GM2ZDFcjQPrx59Mc90KwmxsoklxQ==}
    dependencies:
      '@types/unist': 3.0.2
      bail: 2.0.2
      devlop: 1.1.0
      extend: 3.0.2
      is-plain-obj: 4.1.0
      trough: 2.2.0
      vfile: 6.0.1
    dev: true

  /unist-util-is@6.0.0:
    resolution: {integrity: sha512-2qCTHimwdxLfz+YzdGfkqNlH0tLi9xjTnHddPmJwtIG9MGsdbutfTc4P+haPD7l7Cjxf/WZj+we5qfVPvvxfYw==}
    dependencies:
      '@types/unist': 3.0.2
    dev: false

  /unist-util-stringify-position@4.0.0:
    resolution: {integrity: sha512-0ASV06AAoKCDkS2+xw5RXJywruurpbC4JZSm7nr7MOt1ojAzvyyaO+UxZf18j8FCF6kmzCZKcAgN/yu2gm2XgQ==}
    dependencies:
      '@types/unist': 3.0.2
    dev: true

  /unist-util-visit-parents@6.0.1:
    resolution: {integrity: sha512-L/PqWzfTP9lzzEa6CKs0k2nARxTdZduw3zyh8d2NVBnsyvHjSX4TWse388YrrQKbvI8w20fGjGlhgT96WwKykw==}
    dependencies:
      '@types/unist': 3.0.2
      unist-util-is: 6.0.0
    dev: false

  /unist-util-visit@5.0.0:
    resolution: {integrity: sha512-MR04uvD+07cwl/yhVuVWAtw+3GOR/knlL55Nd/wAdblk27GCVt3lqpTivy/tkJcZoNPzTwS1Y+KMojlLDhoTzg==}
    dependencies:
      '@types/unist': 3.0.2
      unist-util-is: 6.0.0
      unist-util-visit-parents: 6.0.1
    dev: false

  /vfile-message@4.0.2:
    resolution: {integrity: sha512-jRDZ1IMLttGj41KcZvlrYAaI3CfqpLpfpf+Mfig13viT6NKvRzWZ+lXz0Y5D60w6uJIBAOGq9mSHf0gktF0duw==}
    dependencies:
      '@types/unist': 3.0.2
      unist-util-stringify-position: 4.0.0
    dev: true

  /vfile@6.0.1:
    resolution: {integrity: sha512-1bYqc7pt6NIADBJ98UiG0Bn/CHIVOoZ/IyEkqIruLg0mE1BKzkOXY2D6CSqQIcKqgadppE5lrxgWXJmXd7zZJw==}
    dependencies:
      '@types/unist': 3.0.2
      unist-util-stringify-position: 4.0.0
      vfile-message: 4.0.2
    dev: true
